PODS:
  - Cartography (0.5.0)
  - HTPressableButton (1.3.2):
    - HTPressableButton/All (= 1.3.2)
  - HTPressableButton/All (1.3.2)

DEPENDENCIES:
  - Cartography (from `https://github.com/robb/Cartography.git`, tag `0.6.0`)
  - HTPressableButton (~> 1.3.2)

EXTERNAL SOURCES:
  Cartography:
    :git: https://github.com/robb/Cartography.git
    :tag: 0.6.0

CHECKOUT OPTIONS:
  Cartography:
    :git: https://github.com/robb/Cartography.git
    :tag: 0.6.0

SPEC CHECKSUMS:
  Cartography: 314f5ed1495995760487161eeb7a8a0940d88ad3
  HTPressableButton: 8e0108962e6e4620378dcfccdaaf363a10e98fa2

COCOAPODS: 0.39.0.beta.5
