// !$*UTF8*$!
{
	archiveVersion = 1;
	classes = {
	};
	objectVersion = 46;
	objects = {

/* Begin PBXBuildFile section */
		EE416DC9193D30180080C753 /* AppDelegate.swift in Sources */ = {isa = PBXBuildFile; fileRef = EE416DC8193D30180080C753 /* AppDelegate.swift */; };
		EE416DCB193D30180080C753 /* GameScene.sks in Resources */ = {isa = PBXBuildFile; fileRef = EE416DCA193D30180080C753 /* GameScene.sks */; };
		EE416DCD193D30180080C753 /* GameScene.swift in Sources */ = {isa = PBXBuildFile; fileRef = EE416DCC193D30180080C753 /* GameScene.swift */; };
		EE416DCF193D30180080C753 /* GameViewController.swift in Sources */ = {isa = PBXBuildFile; fileRef = EE416DCE193D30180080C753 /* GameViewController.swift */; };
		EE416DD2193D30180080C753 /* Main.storyboard in Resources */ = {isa = PBXBuildFile; fileRef = EE416DD0193D30180080C753 /* Main.storyboard */; };
		EE416DD4193D30180080C753 /* Images.xcassets in Resources */ = {isa = PBXBuildFile; fileRef = EE416DD3193D30180080C753 /* Images.xcassets */; };
		EE416DE0193D30180080C753 /* FlappySwiftTests.swift in Sources */ = {isa = PBXBuildFile; fileRef = EE416DDF193D30180080C753 /* FlappySwiftTests.swift */; };
		EEC0A70519C213AE00703B0F /* Score.swift in Sources */ = {isa = PBXBuildFile; fileRef = EEC0A70419C213AE00703B0F /* Score.swift */; };
		EEC0A70719C2140900703B0F /* SKAction+FlappySwift.swift in Sources */ = {isa = PBXBuildFile; fileRef = EEC0A70619C2140900703B0F /* SKAction+FlappySwift.swift */; };
		EEF05D5B19C0F3F3004A929B /* PipePair.swift in Sources */ = {isa = PBXBuildFile; fileRef = EEF05D5919C0F3F3004A929B /* PipePair.swift */; };
		EEF05D5C19C0F3F3004A929B /* Pipes.swift in Sources */ = {isa = PBXBuildFile; fileRef = EEF05D5A19C0F3F3004A929B /* Pipes.swift */; };
		EEF05D5F19C0F629004A929B /* SKPhysicsBody+FlappySwift.swift in Sources */ = {isa = PBXBuildFile; fileRef = EEF05D5E19C0F629004A929B /* SKPhysicsBody+FlappySwift.swift */; };
		EEFA7AC219C059A200598F17 /* Startable.swift in Sources */ = {isa = PBXBuildFile; fileRef = EEFA7AC119C059A200598F17 /* Startable.swift */; };
		EEFA7ACC19C05CF200598F17 /* Background.swift in Sources */ = {isa = PBXBuildFile; fileRef = EEFA7AC919C05CF200598F17 /* Background.swift */; };
		EEFA7ACD19C05CF200598F17 /* Ground.swift in Sources */ = {isa = PBXBuildFile; fileRef = EEFA7ACA19C05CF200598F17 /* Ground.swift */; };
		EEFA7ACE19C05CF200598F17 /* ParallaxNode.swift in Sources */ = {isa = PBXBuildFile; fileRef = EEFA7ACB19C05CF200598F17 /* ParallaxNode.swift */; };
		EEFA7AD019C0605500598F17 /* Bird.swift in Sources */ = {isa = PBXBuildFile; fileRef = EEFA7ACF19C0605500598F17 /* Bird.swift */; };
/* End PBXBuildFile section */

/* Begin PBXContainerItemProxy section */
		EE416DDA193D30180080C753 /* PBXContainerItemProxy */ = {
			isa = PBXContainerItemProxy;
			containerPortal = EE416DBB193D30180080C753 /* Project object */;
			proxyType = 1;
			remoteGlobalIDString = EE416DC2193D30180080C753;
			remoteInfo = FlappySwift;
		};
/* End PBXContainerItemProxy section */

/* Begin PBXFileReference section */
		EE416DC3193D30180080C753 /* FlappySwift.app */ = {isa = PBXFileReference; explicitFileType = wrapper.application; includeInIndex = 0; path = FlappySwift.app; sourceTree = BUILT_PRODUCTS_DIR; };
		EE416DC7193D30180080C753 /* Info.plist */ = {isa = PBXFileReference; lastKnownFileType = text.plist.xml; path = Info.plist; sourceTree = "<group>"; };
		EE416DC8193D30180080C753 /* AppDelegate.swift */ = {isa = PBXFileReference; lastKnownFileType = sourcecode.swift; path = AppDelegate.swift; sourceTree = "<group>"; };
		EE416DCA193D30180080C753 /* GameScene.sks */ = {isa = PBXFileReference; lastKnownFileType = file.sks; path = GameScene.sks; sourceTree = "<group>"; };
		EE416DCC193D30180080C753 /* GameScene.swift */ = {isa = PBXFileReference; lastKnownFileType = sourcecode.swift; path = GameScene.swift; sourceTree = "<group>"; };
		EE416DCE193D30180080C753 /* GameViewController.swift */ = {isa = PBXFileReference; lastKnownFileType = sourcecode.swift; path = GameViewController.swift; sourceTree = "<group>"; };
		EE416DD1193D30180080C753 /* Base */ = {isa = PBXFileReference; lastKnownFileType = file.storyboard; name = Base; path = Base.lproj/Main.storyboard; sourceTree = "<group>"; };
		EE416DD3193D30180080C753 /* Images.xcassets */ = {isa = PBXFileReference; lastKnownFileType = folder.assetcatalog; path = Images.xcassets; sourceTree = "<group>"; };
		EE416DD9193D30180080C753 /* FlappySwiftTests.xctest */ = {isa = PBXFileReference; explicitFileType = wrapper.cfbundle; includeInIndex = 0; path = FlappySwiftTests.xctest; sourceTree = BUILT_PRODUCTS_DIR; };
		EE416DDE193D30180080C753 /* Info.plist */ = {isa = PBXFileReference; lastKnownFileType = text.plist.xml; path = Info.plist; sourceTree = "<group>"; };
		EE416DDF193D30180080C753 /* FlappySwiftTests.swift */ = {isa = PBXFileReference; lastKnownFileType = sourcecode.swift; path = FlappySwiftTests.swift; sourceTree = "<group>"; };
		EEC0A70419C213AE00703B0F /* Score.swift */ = {isa = PBXFileReference; fileEncoding = 4; lastKnownFileType = sourcecode.swift; path = Score.swift; sourceTree = "<group>"; };
		EEC0A70619C2140900703B0F /* SKAction+FlappySwift.swift */ = {isa = PBXFileReference; fileEncoding = 4; lastKnownFileType = sourcecode.swift; path = "SKAction+FlappySwift.swift"; sourceTree = "<group>"; };
		EEF05D5919C0F3F3004A929B /* PipePair.swift */ = {isa = PBXFileReference; fileEncoding = 4; lastKnownFileType = sourcecode.swift; path = PipePair.swift; sourceTree = "<group>"; };
		EEF05D5A19C0F3F3004A929B /* Pipes.swift */ = {isa = PBXFileReference; fileEncoding = 4; lastKnownFileType = sourcecode.swift; path = Pipes.swift; sourceTree = "<group>"; };
		EEF05D5E19C0F629004A929B /* SKPhysicsBody+FlappySwift.swift */ = {isa = PBXFileReference; fileEncoding = 4; lastKnownFileType = sourcecode.swift; path = "SKPhysicsBody+FlappySwift.swift"; sourceTree = "<group>"; };
		EEFA7AC119C059A200598F17 /* Startable.swift */ = {isa = PBXFileReference; fileEncoding = 4; lastKnownFileType = sourcecode.swift; path = Startable.swift; sourceTree = "<group>"; };
		EEFA7AC919C05CF200598F17 /* Background.swift */ = {isa = PBXFileReference; fileEncoding = 4; lastKnownFileType = sourcecode.swift; path = Background.swift; sourceTree = "<group>"; };
		EEFA7ACA19C05CF200598F17 /* Ground.swift */ = {isa = PBXFileReference; fileEncoding = 4; lastKnownFileType = sourcecode.swift; path = Ground.swift; sourceTree = "<group>"; };
		EEFA7ACB19C05CF200598F17 /* ParallaxNode.swift */ = {isa = PBXFileReference; fileEncoding = 4; lastKnownFileType = sourcecode.swift; path = ParallaxNode.swift; sourceTree = "<group>"; };
		EEFA7ACF19C0605500598F17 /* Bird.swift */ = {isa = PBXFileReference; fileEncoding = 4; lastKnownFileType = sourcecode.swift; path = Bird.swift; sourceTree = "<group>"; };
/* End PBXFileReference section */

/* Begin PBXFrameworksBuildPhase section */
		EE416DC0193D30180080C753 /* Frameworks */ = {
			isa = PBXFrameworksBuildPhase;
			buildActionMask = 2147483647;
			files = (
			);
			runOnlyForDeploymentPostprocessing = 0;
		};
		EE416DD6193D30180080C753 /* Frameworks */ = {
			isa = PBXFrameworksBuildPhase;
			buildActionMask = 2147483647;
			files = (
			);
			runOnlyForDeploymentPostprocessing = 0;
		};
/* End PBXFrameworksBuildPhase section */

/* Begin PBXGroup section */
		EE416DBA193D30180080C753 = {
			isa = PBXGroup;
			children = (
				EE416DC5193D30180080C753 /* FlappySwift */,
				EE416DDC193D30180080C753 /* FlappySwiftTests */,
				EE416DC4193D30180080C753 /* Products */,
			);
			sourceTree = "<group>";
		};
		EE416DC4193D30180080C753 /* Products */ = {
			isa = PBXGroup;
			children = (
				EE416DC3193D30180080C753 /* FlappySwift.app */,
				EE416DD9193D30180080C753 /* FlappySwiftTests.xctest */,
			);
			name = Products;
			sourceTree = "<group>";
		};
		EE416DC5193D30180080C753 /* FlappySwift */ = {
			isa = PBXGroup;
			children = (
				EE89ED5519AD099B008A1428 /* Src */,
				EE416DC6193D30180080C753 /* Supporting Files */,
			);
			path = FlappySwift;
			sourceTree = "<group>";
		};
		EE416DC6193D30180080C753 /* Supporting Files */ = {
			isa = PBXGroup;
			children = (
				EE416DCA193D30180080C753 /* GameScene.sks */,
				EE416DD3193D30180080C753 /* Images.xcassets */,
				EE416DD0193D30180080C753 /* Main.storyboard */,
				EE416DC7193D30180080C753 /* Info.plist */,
			);
			name = "Supporting Files";
			sourceTree = "<group>";
		};
		EE416DDC193D30180080C753 /* FlappySwiftTests */ = {
			isa = PBXGroup;
			children = (
				EE416DDF193D30180080C753 /* FlappySwiftTests.swift */,
				EE416DDD193D30180080C753 /* Supporting Files */,
			);
			path = FlappySwiftTests;
			sourceTree = "<group>";
		};
		EE416DDD193D30180080C753 /* Supporting Files */ = {
			isa = PBXGroup;
			children = (
				EE416DDE193D30180080C753 /* Info.plist */,
			);
			name = "Supporting Files";
			sourceTree = "<group>";
		};
		EE89ED5519AD099B008A1428 /* Src */ = {
			isa = PBXGroup;
			children = (
				EEF05D5D19C0F61A004A929B /* Extensions */,
				EEFA7AC019C0599100598F17 /* Actors */,
				EE416DC8193D30180080C753 /* AppDelegate.swift */,
				EE416DCC193D30180080C753 /* GameScene.swift */,
				EE416DCE193D30180080C753 /* GameViewController.swift */,
			);
			name = Src;
			sourceTree = "<group>";
		};
		EEF05D5D19C0F61A004A929B /* Extensions */ = {
			isa = PBXGroup;
			children = (
				EEC0A70619C2140900703B0F /* SKAction+FlappySwift.swift */,
				EEF05D5E19C0F629004A929B /* SKPhysicsBody+FlappySwift.swift */,
			);
			name = Extensions;
			sourceTree = "<group>";
		};
		EEFA7AC019C0599100598F17 /* Actors */ = {
			isa = PBXGroup;
			children = (
				EEC0A70419C213AE00703B0F /* Score.swift */,
				EEF05D5919C0F3F3004A929B /* PipePair.swift */,
				EEF05D5A19C0F3F3004A929B /* Pipes.swift */,
				EEFA7ACF19C0605500598F17 /* Bird.swift */,
				EEFA7AC919C05CF200598F17 /* Background.swift */,
				EEFA7ACA19C05CF200598F17 /* Ground.swift */,
				EEFA7ACB19C05CF200598F17 /* ParallaxNode.swift */,
				EEFA7AC119C059A200598F17 /* Startable.swift */,
			);
			name = Actors;
			sourceTree = "<group>";
		};
/* End PBXGroup section */

/* Begin PBXNativeTarget section */
		EE416DC2193D30180080C753 /* FlappySwift */ = {
			isa = PBXNativeTarget;
			buildConfigurationList = EE416DE3193D30180080C753 /* Build configuration list for PBXNativeTarget "FlappySwift" */;
			buildPhases = (
				EE416DBF193D30180080C753 /* Sources */,
				EE416DC0193D30180080C753 /* Frameworks */,
				EE416DC1193D30180080C753 /* Resources */,
			);
			buildRules = (
			);
			dependencies = (
			);
			name = FlappySwift;
			productName = FlappySwift;
			productReference = EE416DC3193D30180080C753 /* FlappySwift.app */;
			productType = "com.apple.product-type.application";
		};
		EE416DD8193D30180080C753 /* FlappySwiftTests */ = {
			isa = PBXNativeTarget;
			buildConfigurationList = EE416DE6193D30180080C753 /* Build configuration list for PBXNativeTarget "FlappySwiftTests" */;
			buildPhases = (
				EE416DD5193D30180080C753 /* Sources */,
				EE416DD6193D30180080C753 /* Frameworks */,
				EE416DD7193D30180080C753 /* Resources */,
			);
			buildRules = (
			);
			dependencies = (
				EE416DDB193D30180080C753 /* PBXTargetDependency */,
			);
			name = FlappySwiftTests;
			productName = FlappySwiftTests;
			productReference = EE416DD9193D30180080C753 /* FlappySwiftTests.xctest */;
			productType = "com.apple.product-type.bundle.unit-test";
		};
/* End PBXNativeTarget section */

/* Begin PBXProject section */
		EE416DBB193D30180080C753 /* Project object */ = {
			isa = PBXProject;
			attributes = {
				LastUpgradeCheck = 0600;
				ORGANIZATIONNAME = "Effective Code";
				TargetAttributes = {
					EE416DC2193D30180080C753 = {
						CreatedOnToolsVersion = 6.0;
					};
					EE416DD8193D30180080C753 = {
						CreatedOnToolsVersion = 6.0;
						TestTargetID = EE416DC2193D30180080C753;
					};
				};
			};
			buildConfigurationList = EE416DBE193D30180080C753 /* Build configuration list for PBXProject "FlappySwift" */;
			compatibilityVersion = "Xcode 3.2";
			developmentRegion = English;
			hasScannedForEncodings = 0;
			knownRegions = (
				en,
				Base,
			);
			mainGroup = EE416DBA193D30180080C753;
			productRefGroup = EE416DC4193D30180080C753 /* Products */;
			projectDirPath = "";
			projectRoot = "";
			targets = (
				EE416DC2193D30180080C753 /* FlappySwift */,
				EE416DD8193D30180080C753 /* FlappySwiftTests */,
			);
		};
/* End PBXProject section */

/* Begin PBXResourcesBuildPhase section */
		EE416DC1193D30180080C753 /* Resources */ = {
			isa = PBXResourcesBuildPhase;
			buildActionMask = 2147483647;
			files = (
				EE416DD4193D30180080C753 /* Images.xcassets in Resources */,
				EE416DCB193D30180080C753 /* GameScene.sks in Resources */,
				EE416DD2193D30180080C753 /* Main.storyboard in Resources */,
			);
			runOnlyForDeploymentPostprocessing = 0;
		};
		EE416DD7193D30180080C753 /* Resources */ = {
			isa = PBXResourcesBuildPhase;
			buildActionMask = 2147483647;
			files = (
			);
			runOnlyForDeploymentPostprocessing = 0;
		};
/* End PBXResourcesBuildPhase section */

/* Begin PBXSourcesBuildPhase section */
		EE416DBF193D30180080C753 /* Sources */ = {
			isa = PBXSourcesBuildPhase;
			buildActionMask = 2147483647;
			files = (
				EEFA7ACE19C05CF200598F17 /* ParallaxNode.swift in Sources */,
				EEF05D5F19C0F629004A929B /* SKPhysicsBody+FlappySwift.swift in Sources */,
				EEFA7AC219C059A200598F17 /* Startable.swift in Sources */,
				EEC0A70719C2140900703B0F /* SKAction+FlappySwift.swift in Sources */,
				EE416DCD193D30180080C753 /* GameScene.swift in Sources */,
				EEF05D5B19C0F3F3004A929B /* PipePair.swift in Sources */,
				EEFA7ACD19C05CF200598F17 /* Ground.swift in Sources */,
				EE416DCF193D30180080C753 /* GameViewController.swift in Sources */,
				EE416DC9193D30180080C753 /* AppDelegate.swift in Sources */,
				EEC0A70519C213AE00703B0F /* Score.swift in Sources */,
				EEF05D5C19C0F3F3004A929B /* Pipes.swift in Sources */,
				EEFA7AD019C0605500598F17 /* Bird.swift in Sources */,
				EEFA7ACC19C05CF200598F17 /* Background.swift in Sources */,
			);
			runOnlyForDeploymentPostprocessing = 0;
		};
		EE416DD5193D30180080C753 /* Sources */ = {
			isa = PBXSourcesBuildPhase;
			buildActionMask = 2147483647;
			files = (
				EE416DE0193D30180080C753 /* FlappySwiftTests.swift in Sources */,
			);
			runOnlyForDeploymentPostprocessing = 0;
		};
/* End PBXSourcesBuildPhase section */

/* Begin PBXTargetDependency section */
		EE416DDB193D30180080C753 /* PBXTargetDependency */ = {
			isa = PBXTargetDependency;
			target = EE416DC2193D30180080C753 /* FlappySwift */;
			targetProxy = EE416DDA193D30180080C753 /* PBXContainerItemProxy */;
		};
/* End PBXTargetDependency section */

/* Begin PBXVariantGroup section */
		EE416DD0193D30180080C753 /* Main.storyboard */ = {
			isa = PBXVariantGroup;
			children = (
				EE416DD1193D30180080C753 /* Base */,
			);
			name = Main.storyboard;
			sourceTree = "<group>";
		};
/* End PBXVariantGroup section */

/* Begin XCBuildConfiguration section */
		EE416DE1193D30180080C753 /* Debug */ = {
			isa = XCBuildConfiguration;
			buildSettings = {
				ALWAYS_SEARCH_USER_PATHS = NO;
				CLANG_CXX_LANGUAGE_STANDARD = "gnu++0x";
				CLANG_CXX_LIBRARY = "libc++";
				CLANG_ENABLE_MODULES = YES;
				CLANG_ENABLE_OBJC_ARC = YES;
				CLANG_WARN_BOOL_CONVERSION = YES;
				CLANG_WARN_CONSTANT_CONVERSION = YES;
				CLANG_WARN_DIRECT_OBJC_ISA_USAGE = YES_ERROR;
				CLANG_WARN_EMPTY_BODY = YES;
				CLANG_WARN_ENUM_CONVERSION = YES;
				CLANG_WARN_INT_CONVERSION = YES;
				CLANG_WARN_OBJC_ROOT_CLASS = YES_ERROR;
				CLANG_WARN_UNREACHABLE_CODE = YES;
				CLANG_WARN__DUPLICATE_METHOD_MATCH = YES;
				"CODE_SIGN_IDENTITY[sdk=iphoneos*]" = "iPhone Developer";
				COPY_PHASE_STRIP = NO;
				ENABLE_STRICT_OBJC_MSGSEND = YES;
				GCC_C_LANGUAGE_STANDARD = gnu99;
				GCC_DYNAMIC_NO_PIC = NO;
				GCC_OPTIMIZATION_LEVEL = 0;
				GCC_PREPROCESSOR_DEFINITIONS = (
					"DEBUG=1",
					"$(inherited)",
				);
				GCC_SYMBOLS_PRIVATE_EXTERN = NO;
				GCC_WARN_64_TO_32_BIT_CONVERSION = YES;
				GCC_WARN_ABOUT_RETURN_TYPE = YES_ERROR;
				GCC_WARN_UNDECLARED_SELECTOR = YES;
				GCC_WARN_UNINITIALIZED_AUTOS = YES_AGGRESSIVE;
				GCC_WARN_UNUSED_FUNCTION = YES;
				GCC_WARN_UNUSED_VARIABLE = YES;
				IPHONEOS_DEPLOYMENT_TARGET = 8.0;
				METAL_ENABLE_DEBUG_INFO = YES;
				ONLY_ACTIVE_ARCH = YES;
				SDKROOT = iphoneos;
				SWIFT_OPTIMIZATION_LEVEL = "-Onone";
			};
			name = Debug;
		};
		EE416DE2193D30180080C753 /* Release */ = {
			isa = XCBuildConfiguration;
			buildSettings = {
				ALWAYS_SEARCH_USER_PATHS = NO;
				CLANG_CXX_LANGUAGE_STANDARD = "gnu++0x";
				CLANG_CXX_LIBRARY = "libc++";
				CLANG_ENABLE_MODULES = YES;
				CLANG_ENABLE_OBJC_ARC = YES;
				CLANG_WARN_BOOL_CONVERSION = YES;
				CLANG_WARN_CONSTANT_CONVERSION = YES;
				CLANG_WARN_DIRECT_OBJC_ISA_USAGE = YES_ERROR;
				CLANG_WARN_EMPTY_BODY = YES;
				CLANG_WARN_ENUM_CONVERSION = YES;
				CLANG_WARN_INT_CONVERSION = YES;
				CLANG_WARN_OBJC_ROOT_CLASS = YES_ERROR;
				CLANG_WARN_UNREACHABLE_CODE = YES;
				CLANG_WARN__DUPLICATE_METHOD_MATCH = YES;
				"CODE_SIGN_IDENTITY[sdk=iphoneos*]" = "iPhone Developer";
				COPY_PHASE_STRIP = YES;
				ENABLE_NS_ASSERTIONS = NO;
				ENABLE_STRICT_OBJC_MSGSEND = YES;
				GCC_C_LANGUAGE_STANDARD = gnu99;
				GCC_WARN_64_TO_32_BIT_CONVERSION = YES;
				GCC_WARN_ABOUT_RETURN_TYPE = YES_ERROR;
				GCC_WARN_UNDECLARED_SELECTOR = YES;
				GCC_WARN_UNINITIALIZED_AUTOS = YES_AGGRESSIVE;
				GCC_WARN_UNUSED_FUNCTION = YES;
				GCC_WARN_UNUSED_VARIABLE = YES;
				IPHONEOS_DEPLOYMENT_TARGET = 8.0;
				METAL_ENABLE_DEBUG_INFO = NO;
				SDKROOT = iphoneos;
				VALIDATE_PRODUCT = YES;
			};
			name = Release;
		};
		EE416DE4193D30180080C753 /* Debug */ = {
			isa = XCBuildConfiguration;
			buildSettings = {
				ASSETCATALOG_COMPILER_APPICON_NAME = AppIcon;
				ASSETCATALOG_COMPILER_LAUNCHIMAGE_NAME = LaunchImage;
				INFOPLIST_FILE = FlappySwift/Info.plist;
				LD_RUNPATH_SEARCH_PATHS = "$(inherited) @executable_path/Frameworks";
				PRODUCT_NAME = "$(TARGET_NAME)";
			};
			name = Debug;
		};
		EE416DE5193D30180080C753 /* Release */ = {
			isa = XCBuildConfiguration;
			buildSettings = {
				ASSETCATALOG_COMPILER_APPICON_NAME = AppIcon;
				ASSETCATALOG_COMPILER_LAUNCHIMAGE_NAME = LaunchImage;
				INFOPLIST_FILE = FlappySwift/Info.plist;
				LD_RUNPATH_SEARCH_PATHS = "$(inherited) @executable_path/Frameworks";
				PRODUCT_NAME = "$(TARGET_NAME)";
			};
			name = Release;
		};
		EE416DE7193D30180080C753 /* Debug */ = {
			isa = XCBuildConfiguration;
			buildSettings = {
				BUNDLE_LOADER = "$(BUILT_PRODUCTS_DIR)/FlappySwift.app/FlappySwift";
				FRAMEWORK_SEARCH_PATHS = (
					"$(SDKROOT)/Developer/Library/Frameworks",
					"$(inherited)",
				);
				GCC_PREPROCESSOR_DEFINITIONS = (
					"DEBUG=1",
					"$(inherited)",
				);
				INFOPLIST_FILE = FlappySwiftTests/Info.plist;
				LD_RUNPATH_SEARCH_PATHS = "$(inherited) @executable_path/Frameworks @loader_path/Frameworks";
				METAL_ENABLE_DEBUG_INFO = YES;
				PRODUCT_NAME = "$(TARGET_NAME)";
				TEST_HOST = "$(BUNDLE_LOADER)";
			};
			name = Debug;
		};
		EE416DE8193D30180080C753 /* Release */ = {
			isa = XCBuildConfiguration;
			buildSettings = {
				BUNDLE_LOADER = "$(BUILT_PRODUCTS_DIR)/FlappySwift.app/FlappySwift";
				FRAMEWORK_SEARCH_PATHS = (
					"$(SDKROOT)/Developer/Library/Frameworks",
					"$(inherited)",
				);
				INFOPLIST_FILE = FlappySwiftTests/Info.plist;
				LD_RUNPATH_SEARCH_PATHS = "$(inherited) @executable_path/Frameworks @loader_path/Frameworks";
				METAL_ENABLE_DEBUG_INFO = NO;
				PRODUCT_NAME = "$(TARGET_NAME)";
				TEST_HOST = "$(BUNDLE_LOADER)";
			};
			name = Release;
		};
/* End XCBuildConfiguration section */

/* Begin XCConfigurationList section */
		EE416DBE193D30180080C753 /* Build configuration list for PBXProject "FlappySwift" */ = {
			isa = XCConfigurationList;
			buildConfigurations = (
				EE416DE1193D30180080C753 /* Debug */,
				EE416DE2193D30180080C753 /* Release */,
			);
			defaultConfigurationIsVisible = 0;
			defaultConfigurationName = Release;
		};
		EE416DE3193D30180080C753 /* Build configuration list for PBXNativeTarget "FlappySwift" */ = {
			isa = XCConfigurationList;
			buildConfigurations = (
				EE416DE4193D30180080C753 /* Debug */,
				EE416DE5193D30180080C753 /* Release */,
			);
			defaultConfigurationIsVisible = 0;
			defaultConfigurationName = Release;
		};
		EE416DE6193D30180080C753 /* Build configuration list for PBXNativeTarget "FlappySwiftTests" */ = {
			isa = XCConfigurationList;
			buildConfigurations = (
				EE416DE7193D30180080C753 /* Debug */,
				EE416DE8193D30180080C753 /* Release */,
			);
			defaultConfigurationIsVisible = 0;
			defaultConfigurationName = Release;
		};
/* End XCConfigurationList section */
	};
	rootObject = EE416DBB193D30180080C753 /* Project object */;
}
