// !$*UTF8*$!
{
	archiveVersion = 1;
	classes = {
	};
	objectVersion = 46;
	objects = {

/* Begin PBXBuildFile section */
		2CB65C492421446332C32825 /* Pods_FlappySwift.framework in Frameworks */ = {isa = PBXBuildFile; fileRef = 760C5C021DA3753B5196430B /* Pods_FlappySwift.framework */; };
		EE3E50831A9561D100CC5198 /* MenuViewController.swift in Sources */ = {isa = PBXBuildFile; fileRef = EE3E50821A9561D100CC5198 /* MenuViewController.swift */; };
		EE4A00821AAB98C400925811 /* punch.wav in Resources */ = {isa = PBXBuildFile; fileRef = EE4A00811AAB98C400925811 /* punch.wav */; };
		EE4A00841AAB9B9700925811 /* flap.wav in Resources */ = {isa = PBXBuildFile; fileRef = EE4A00831AAB9B9700925811 /* flap.wav */; };
		EE4A00861AAB9CDC00925811 /* MusicPlayer.swift in Sources */ = {isa = PBXBuildFile; fileRef = EE4A00851AAB9CDC00925811 /* MusicPlayer.swift */; };
		EE4A00881AAB9E8900925811 /* Pamgaea.mp3 in Resources */ = {isa = PBXBuildFile; fileRef = EE4A00871AAB9E8900925811 /* Pamgaea.mp3 */; };
		EE4A008A1AAB9F5F00925811 /* yeah.mp3 in Resources */ = {isa = PBXBuildFile; fileRef = EE4A00891AAB9F5F00925811 /* yeah.mp3 */; };
		EE4A008C1AABA26D00925811 /* SKAction+FlappySwift.swift in Sources */ = {isa = PBXBuildFile; fileRef = EE4A008B1AABA26D00925811 /* SKAction+FlappySwift.swift */; };
		EE4A008E1AABA37F00925811 /* utilities.swift in Sources */ = {isa = PBXBuildFile; fileRef = EE4A008D1AABA37F00925811 /* utilities.swift */; };
		EE4A00901AABB07900925811 /* GameKit.framework in Frameworks */ = {isa = PBXBuildFile; fileRef = EE4A008F1AABB07900925811 /* GameKit.framework */; };
		EEB24C1F2DEE359700EBD4FF /* FSPressableButton.swift in Sources */ = {isa = PBXBuildFile; fileRef = EEB24C1E2DEE359700EBD4FF /* FSPressableButton.swift */; };
		EEB24C212DEE373900EBD4FF /* AlertWrapper.swift in Sources */ = {isa = PBXBuildFile; fileRef = EEB24C202DEE373900EBD4FF /* AlertWrapper.swift */; };
		EEB782B91A9D448C00811E2B /* Score.swift in Sources */ = {isa = PBXBuildFile; fileRef = EEB782B81A9D448C00811E2B /* Score.swift */; };
		EEBF6FBB1A954FF100C6D0D2 /* AppDelegate.swift in Sources */ = {isa = PBXBuildFile; fileRef = EEBF6FBA1A954FF100C6D0D2 /* AppDelegate.swift */; };
		EEBF6FBF1A954FF100C6D0D2 /* GameScene.swift in Sources */ = {isa = PBXBuildFile; fileRef = EEBF6FBE1A954FF100C6D0D2 /* GameScene.swift */; };
		EEBF6FC11A954FF100C6D0D2 /* GameViewController.swift in Sources */ = {isa = PBXBuildFile; fileRef = EEBF6FC01A954FF100C6D0D2 /* GameViewController.swift */; };
		EEBF6FC41A954FF100C6D0D2 /* Main.storyboard in Resources */ = {isa = PBXBuildFile; fileRef = EEBF6FC21A954FF100C6D0D2 /* Main.storyboard */; };
		EEBF6FC61A954FF100C6D0D2 /* Images.xcassets in Resources */ = {isa = PBXBuildFile; fileRef = EEBF6FC51A954FF100C6D0D2 /* Images.xcassets */; };
		EEBF6FC91A954FF100C6D0D2 /* LaunchScreen.xib in Resources */ = {isa = PBXBuildFile; fileRef = EEBF6FC71A954FF100C6D0D2 /* LaunchScreen.xib */; };
		EECD56931A963F4000EAFC65 /* Background.swift in Sources */ = {isa = PBXBuildFile; fileRef = EECD568F1A963F4000EAFC65 /* Background.swift */; };
		EECD56951A963F4000EAFC65 /* Startable.swift in Sources */ = {isa = PBXBuildFile; fileRef = EECD56911A963F4000EAFC65 /* Startable.swift */; };
		EECD56991A96400D00EAFC65 /* ParallaxNode.swift in Sources */ = {isa = PBXBuildFile; fileRef = EECD56981A96400D00EAFC65 /* ParallaxNode.swift */; };
		EEE231821A9AB72100F248BA /* Bird.swift in Sources */ = {isa = PBXBuildFile; fileRef = EEE231811A9AB72100F248BA /* Bird.swift */; };
		EEE231841A9ABDA400F248BA /* SKPhysicsBody+FlappySwift.swift in Sources */ = {isa = PBXBuildFile; fileRef = EEE231831A9ABDA400F248BA /* SKPhysicsBody+FlappySwift.swift */; };
		EEE472D21A9BDEF600EB6916 /* Pipes.swift in Sources */ = {isa = PBXBuildFile; fileRef = EEE472D11A9BDEF600EB6916 /* Pipes.swift */; };
		EEE472D41A9BE08500EB6916 /* PipesNode.swift in Sources */ = {isa = PBXBuildFile; fileRef = EEE472D31A9BE08500EB6916 /* PipesNode.swift */; };
/* End PBXBuildFile section */

/* Begin PBXFileReference section */
		760C5C021DA3753B5196430B /* Pods_FlappySwift.framework */ = {isa = PBXFileReference; explicitFileType = wrapper.framework; includeInIndex = 0; path = Pods_FlappySwift.framework; sourceTree = BUILT_PRODUCTS_DIR; };
		B145D6EA009A3B8408B766D6 /* Pods-FlappySwift.release.xcconfig */ = {isa = PBXFileReference; includeInIndex = 1; lastKnownFileType = text.xcconfig; name = "Pods-FlappySwift.release.xcconfig"; path = "Target Support Files/Pods-FlappySwift/Pods-FlappySwift.release.xcconfig"; sourceTree = "<group>"; };
		DAC0BA07C9DE186B6D438729 /* Pods-FlappySwift.debug.xcconfig */ = {isa = PBXFileReference; includeInIndex = 1; lastKnownFileType = text.xcconfig; name = "Pods-FlappySwift.debug.xcconfig"; path = "Target Support Files/Pods-FlappySwift/Pods-FlappySwift.debug.xcconfig"; sourceTree = "<group>"; };
		EE3E50821A9561D100CC5198 /* MenuViewController.swift */ = {isa = PBXFileReference; fileEncoding = 4; lastKnownFileType = sourcecode.swift; path = MenuViewController.swift; sourceTree = "<group>"; };
		EE4A00811AAB98C400925811 /* punch.wav */ = {isa = PBXFileReference; lastKnownFileType = audio.wav; path = punch.wav; sourceTree = "<group>"; };
		EE4A00831AAB9B9700925811 /* flap.wav */ = {isa = PBXFileReference; lastKnownFileType = audio.wav; path = flap.wav; sourceTree = "<group>"; };
		EE4A00851AAB9CDC00925811 /* MusicPlayer.swift */ = {isa = PBXFileReference; fileEncoding = 4; lastKnownFileType = sourcecode.swift; path = MusicPlayer.swift; sourceTree = "<group>"; };
		EE4A00871AAB9E8900925811 /* Pamgaea.mp3 */ = {isa = PBXFileReference; lastKnownFileType = audio.mp3; path = Pamgaea.mp3; sourceTree = "<group>"; };
		EE4A00891AAB9F5F00925811 /* yeah.mp3 */ = {isa = PBXFileReference; lastKnownFileType = audio.mp3; path = yeah.mp3; sourceTree = "<group>"; };
		EE4A008B1AABA26D00925811 /* SKAction+FlappySwift.swift */ = {isa = PBXFileReference; fileEncoding = 4; lastKnownFileType = sourcecode.swift; path = "SKAction+FlappySwift.swift"; sourceTree = "<group>"; };
		EE4A008D1AABA37F00925811 /* utilities.swift */ = {isa = PBXFileReference; fileEncoding = 4; lastKnownFileType = sourcecode.swift; path = utilities.swift; sourceTree = "<group>"; };
		EE4A008F1AABB07900925811 /* GameKit.framework */ = {isa = PBXFileReference; lastKnownFileType = wrapper.framework; name = GameKit.framework; path = System/Library/Frameworks/GameKit.framework; sourceTree = SDKROOT; };
		EEB24C1E2DEE359700EBD4FF /* FSPressableButton.swift */ = {isa = PBXFileReference; lastKnownFileType = sourcecode.swift; path = FSPressableButton.swift; sourceTree = "<group>"; };
		EEB24C202DEE373900EBD4FF /* AlertWrapper.swift */ = {isa = PBXFileReference; lastKnownFileType = sourcecode.swift; path = AlertWrapper.swift; sourceTree = "<group>"; };
		EEB782B81A9D448C00811E2B /* Score.swift */ = {isa = PBXFileReference; fileEncoding = 4; lastKnownFileType = sourcecode.swift; path = Score.swift; sourceTree = "<group>"; };
		EEBF6FB51A954FF100C6D0D2 /* FlappySwift.app */ = {isa = PBXFileReference; explicitFileType = wrapper.application; includeInIndex = 0; path = FlappySwift.app; sourceTree = BUILT_PRODUCTS_DIR; };
		EEBF6FB91A954FF100C6D0D2 /* Info.plist */ = {isa = PBXFileReference; lastKnownFileType = text.plist.xml; path = Info.plist; sourceTree = "<group>"; };
		EEBF6FBA1A954FF100C6D0D2 /* AppDelegate.swift */ = {isa = PBXFileReference; lastKnownFileType = sourcecode.swift; path = AppDelegate.swift; sourceTree = "<group>"; };
		EEBF6FBE1A954FF100C6D0D2 /* GameScene.swift */ = {isa = PBXFileReference; lastKnownFileType = sourcecode.swift; path = GameScene.swift; sourceTree = "<group>"; };
		EEBF6FC01A954FF100C6D0D2 /* GameViewController.swift */ = {isa = PBXFileReference; lastKnownFileType = sourcecode.swift; path = GameViewController.swift; sourceTree = "<group>"; };
		EEBF6FC31A954FF100C6D0D2 /* Base */ = {isa = PBXFileReference; lastKnownFileType = file.storyboard; name = Base; path = Base.lproj/Main.storyboard; sourceTree = "<group>"; };
		EEBF6FC51A954FF100C6D0D2 /* Images.xcassets */ = {isa = PBXFileReference; lastKnownFileType = folder.assetcatalog; path = Images.xcassets; sourceTree = "<group>"; };
		EEBF6FC81A954FF100C6D0D2 /* Base */ = {isa = PBXFileReference; lastKnownFileType = file.xib; name = Base; path = Base.lproj/LaunchScreen.xib; sourceTree = "<group>"; };
		EEBF6FD31A954FF100C6D0D2 /* Info.plist */ = {isa = PBXFileReference; lastKnownFileType = text.plist.xml; path = Info.plist; sourceTree = "<group>"; };
		EEBF6FD41A954FF100C6D0D2 /* FlappySwiftTests.swift */ = {isa = PBXFileReference; lastKnownFileType = sourcecode.swift; path = FlappySwiftTests.swift; sourceTree = "<group>"; };
		EECD568F1A963F4000EAFC65 /* Background.swift */ = {isa = PBXFileReference; fileEncoding = 4; lastKnownFileType = sourcecode.swift; path = Background.swift; sourceTree = "<group>"; };
		EECD56911A963F4000EAFC65 /* Startable.swift */ = {isa = PBXFileReference; fileEncoding = 4; lastKnownFileType = sourcecode.swift; path = Startable.swift; sourceTree = "<group>"; };
		EECD56981A96400D00EAFC65 /* ParallaxNode.swift */ = {isa = PBXFileReference; fileEncoding = 4; lastKnownFileType = sourcecode.swift; path = ParallaxNode.swift; sourceTree = "<group>"; };
		EEE231811A9AB72100F248BA /* Bird.swift */ = {isa = PBXFileReference; fileEncoding = 4; lastKnownFileType = sourcecode.swift; path = Bird.swift; sourceTree = "<group>"; };
		EEE231831A9ABDA400F248BA /* SKPhysicsBody+FlappySwift.swift */ = {isa = PBXFileReference; fileEncoding = 4; lastKnownFileType = sourcecode.swift; path = "SKPhysicsBody+FlappySwift.swift"; sourceTree = "<group>"; };
		EEE472D11A9BDEF600EB6916 /* Pipes.swift */ = {isa = PBXFileReference; fileEncoding = 4; lastKnownFileType = sourcecode.swift; path = Pipes.swift; sourceTree = "<group>"; };
		EEE472D31A9BE08500EB6916 /* PipesNode.swift */ = {isa = PBXFileReference; fileEncoding = 4; lastKnownFileType = sourcecode.swift; path = PipesNode.swift; sourceTree = "<group>"; };
/* End PBXFileReference section */

/* Begin PBXFrameworksBuildPhase section */
		EEBF6FB21A954FF100C6D0D2 /* Frameworks */ = {
			isa = PBXFrameworksBuildPhase;
			buildActionMask = 2147483647;
			files = (
				EE4A00901AABB07900925811 /* GameKit.framework in Frameworks */,
				2CB65C492421446332C32825 /* Pods_FlappySwift.framework in Frameworks */,
			);
			runOnlyForDeploymentPostprocessing = 0;
		};
/* End PBXFrameworksBuildPhase section */

/* Begin PBXGroup section */
		27DF251E19E9AE78106BB040 /* Frameworks */ = {
			isa = PBXGroup;
			children = (
				EE4A008F1AABB07900925811 /* GameKit.framework */,
				760C5C021DA3753B5196430B /* Pods_FlappySwift.framework */,
			);
			name = Frameworks;
			sourceTree = "<group>";
		};
		B577C3F7D1C0FB1F5B15A9EC /* Pods */ = {
			isa = PBXGroup;
			children = (
				DAC0BA07C9DE186B6D438729 /* Pods-FlappySwift.debug.xcconfig */,
				B145D6EA009A3B8408B766D6 /* Pods-FlappySwift.release.xcconfig */,
			);
			path = Pods;
			sourceTree = "<group>";
		};
		EE4A00801AAB98B700925811 /* sounds */ = {
			isa = PBXGroup;
			children = (
				EE4A00891AAB9F5F00925811 /* yeah.mp3 */,
				EE4A00871AAB9E8900925811 /* Pamgaea.mp3 */,
				EE4A00831AAB9B9700925811 /* flap.wav */,
				EE4A00811AAB98C400925811 /* punch.wav */,
			);
			name = sounds;
			sourceTree = "<group>";
		};
		EEBF6FAC1A954FF100C6D0D2 = {
			isa = PBXGroup;
			children = (
				EEBF6FB71A954FF100C6D0D2 /* FlappySwift */,
				EEBF6FD11A954FF100C6D0D2 /* FlappySwiftTests */,
				EEBF6FB61A954FF100C6D0D2 /* Products */,
				27DF251E19E9AE78106BB040 /* Frameworks */,
				B577C3F7D1C0FB1F5B15A9EC /* Pods */,
			);
			sourceTree = "<group>";
		};
		EEBF6FB61A954FF100C6D0D2 /* Products */ = {
			isa = PBXGroup;
			children = (
				EEBF6FB51A954FF100C6D0D2 /* FlappySwift.app */,
			);
			name = Products;
			sourceTree = "<group>";
		};
		EEBF6FB71A954FF100C6D0D2 /* FlappySwift */ = {
			isa = PBXGroup;
			children = (
				EEB24C202DEE373900EBD4FF /* AlertWrapper.swift */,
				EEB24C1E2DEE359700EBD4FF /* FSPressableButton.swift */,
				EE4A008D1AABA37F00925811 /* utilities.swift */,
				EE4A008B1AABA26D00925811 /* SKAction+FlappySwift.swift */,
				EE4A00851AAB9CDC00925811 /* MusicPlayer.swift */,
				EECD568E1A963F2A00EAFC65 /* Actors */,
				EEBF6FBA1A954FF100C6D0D2 /* AppDelegate.swift */,
				EE3E50821A9561D100CC5198 /* MenuViewController.swift */,
				EEBF6FBE1A954FF100C6D0D2 /* GameScene.swift */,
				EEBF6FC01A954FF100C6D0D2 /* GameViewController.swift */,
				EEBF6FC21A954FF100C6D0D2 /* Main.storyboard */,
				EEBF6FC51A954FF100C6D0D2 /* Images.xcassets */,
				EEBF6FC71A954FF100C6D0D2 /* LaunchScreen.xib */,
				EEBF6FB81A954FF100C6D0D2 /* Supporting Files */,
			);
			path = FlappySwift;
			sourceTree = "<group>";
		};
		EEBF6FB81A954FF100C6D0D2 /* Supporting Files */ = {
			isa = PBXGroup;
			children = (
				EE4A00801AAB98B700925811 /* sounds */,
				EEBF6FB91A954FF100C6D0D2 /* Info.plist */,
			);
			name = "Supporting Files";
			sourceTree = "<group>";
		};
		EEBF6FD11A954FF100C6D0D2 /* FlappySwiftTests */ = {
			isa = PBXGroup;
			children = (
				EEBF6FD41A954FF100C6D0D2 /* FlappySwiftTests.swift */,
				EEBF6FD21A954FF100C6D0D2 /* Supporting Files */,
			);
			path = FlappySwiftTests;
			sourceTree = "<group>";
		};
		EEBF6FD21A954FF100C6D0D2 /* Supporting Files */ = {
			isa = PBXGroup;
			children = (
				EEBF6FD31A954FF100C6D0D2 /* Info.plist */,
			);
			name = "Supporting Files";
			sourceTree = "<group>";
		};
		EECD568E1A963F2A00EAFC65 /* Actors */ = {
			isa = PBXGroup;
			children = (
				EECD56971A96400000EAFC65 /* Nodes */,
				EECD568F1A963F4000EAFC65 /* Background.swift */,
				EECD56911A963F4000EAFC65 /* Startable.swift */,
				EEE231811A9AB72100F248BA /* Bird.swift */,
				EEE472D11A9BDEF600EB6916 /* Pipes.swift */,
				EEE472D31A9BE08500EB6916 /* PipesNode.swift */,
				EEB782B81A9D448C00811E2B /* Score.swift */,
			);
			name = Actors;
			sourceTree = "<group>";
		};
		EECD56971A96400000EAFC65 /* Nodes */ = {
			isa = PBXGroup;
			children = (
				EECD56981A96400D00EAFC65 /* ParallaxNode.swift */,
				EEE231831A9ABDA400F248BA /* SKPhysicsBody+FlappySwift.swift */,
			);
			name = Nodes;
			sourceTree = "<group>";
		};
/* End PBXGroup section */

/* Begin PBXNativeTarget section */
		EEBF6FB41A954FF100C6D0D2 /* FlappySwift */ = {
			isa = PBXNativeTarget;
			buildConfigurationList = EEBF6FD81A954FF100C6D0D2 /* Build configuration list for PBXNativeTarget "FlappySwift" */;
			buildPhases = (
				4018EE7F4C3C5E3861C45D95 /* [CP] Check Pods Manifest.lock */,
				EEBF6FB11A954FF100C6D0D2 /* Sources */,
				EEBF6FB21A954FF100C6D0D2 /* Frameworks */,
				EEBF6FB31A954FF100C6D0D2 /* Resources */,
				25E1116B702C0C682FF64860 /* [CP] Embed Pods Frameworks */,
			);
			buildRules = (
			);
			dependencies = (
			);
			name = FlappySwift;
			productName = FlappySwift;
			productReference = EEBF6FB51A954FF100C6D0D2 /* FlappySwift.app */;
			productType = "com.apple.product-type.application";
		};
/* End PBXNativeTarget section */

/* Begin PBXProject section */
		EEBF6FAD1A954FF100C6D0D2 /* Project object */ = {
			isa = PBXProject;
			attributes = {
				LastUpgradeCheck = 0710;
				ORGANIZATIONNAME = "Effective Code";
				TargetAttributes = {
					EEBF6FB41A954FF100C6D0D2 = {
						CreatedOnToolsVersion = 6.1.1;
						DevelopmentTeam = S2SVQZ2HDR;
						SystemCapabilities = {
							com.apple.GameCenter = {
								enabled = 1;
							};
						};
					};
				};
			};
			buildConfigurationList = EEBF6FB01A954FF100C6D0D2 /* Build configuration list for PBXProject "FlappySwift" */;
			compatibilityVersion = "Xcode 3.2";
			developmentRegion = English;
			hasScannedForEncodings = 0;
			knownRegions = (
				English,
				en,
				Base,
			);
			mainGroup = EEBF6FAC1A954FF100C6D0D2;
			productRefGroup = EEBF6FB61A954FF100C6D0D2 /* Products */;
			projectDirPath = "";
			projectRoot = "";
			targets = (
				EEBF6FB41A954FF100C6D0D2 /* FlappySwift */,
			);
		};
/* End PBXProject section */

/* Begin PBXResourcesBuildPhase section */
		EEBF6FB31A954FF100C6D0D2 /* Resources */ = {
			isa = PBXResourcesBuildPhase;
			buildActionMask = 2147483647;
			files = (
				EEBF6FC91A954FF100C6D0D2 /* LaunchScreen.xib in Resources */,
				EE4A00821AAB98C400925811 /* punch.wav in Resources */,
				EEBF6FC61A954FF100C6D0D2 /* Images.xcassets in Resources */,
				EE4A00881AAB9E8900925811 /* Pamgaea.mp3 in Resources */,
				EE4A00841AAB9B9700925811 /* flap.wav in Resources */,
				EE4A008A1AAB9F5F00925811 /* yeah.mp3 in Resources */,
				EEBF6FC41A954FF100C6D0D2 /* Main.storyboard in Resources */,
			);
			runOnlyForDeploymentPostprocessing = 0;
		};
/* End PBXResourcesBuildPhase section */

/* Begin PBXShellScriptBuildPhase section */
		25E1116B702C0C682FF64860 /* [CP] Embed Pods Frameworks */ = {
			isa = PBXShellScriptBuildPhase;
			buildActionMask = 2147483647;
			files = (
			);
			inputPaths = (
				"${PODS_ROOT}/Target Support Files/Pods-FlappySwift/Pods-FlappySwift-frameworks.sh",
				"${BUILT_PRODUCTS_DIR}/SIAlertView/SIAlertView.framework",
			);
			name = "[CP] Embed Pods Frameworks";
			outputPaths = (
				"${TARGET_BUILD_DIR}/${FRAMEWORKS_FOLDER_PATH}/SIAlertView.framework",
			);
			runOnlyForDeploymentPostprocessing = 0;
			shellPath = /bin/sh;
			shellScript = "\"${PODS_ROOT}/Target Support Files/Pods-FlappySwift/Pods-FlappySwift-frameworks.sh\"\n";
			showEnvVarsInLog = 0;
		};
		4018EE7F4C3C5E3861C45D95 /* [CP] Check Pods Manifest.lock */ = {
			isa = PBXShellScriptBuildPhase;
			buildActionMask = 2147483647;
			files = (
			);
			inputFileListPaths = (
			);
			inputPaths = (
				"${PODS_PODFILE_DIR_PATH}/Podfile.lock",
				"${PODS_ROOT}/Manifest.lock",
			);
			name = "[CP] Check Pods Manifest.lock";
			outputFileListPaths = (
			);
			outputPaths = (
				"$(DERIVED_FILE_DIR)/Pods-FlappySwift-checkManifestLockResult.txt",
			);
			runOnlyForDeploymentPostprocessing = 0;
			shellPath = /bin/sh;
			shellScript = "diff \"${PODS_PODFILE_DIR_PATH}/Podfile.lock\" \"${PODS_ROOT}/Manifest.lock\" > /dev/null\nif [ $? != 0 ] ; then\n    # print error to STDERR\n    echo \"error: The sandbox is not in sync with the Podfile.lock. Run 'pod install' or update your CocoaPods installation.\" >&2\n    exit 1\nfi\n# This output is used by Xcode 'outputs' to avoid re-running this script phase.\necho \"SUCCESS\" > \"${SCRIPT_OUTPUT_FILE_0}\"\n";
			showEnvVarsInLog = 0;
		};
/* End PBXShellScriptBuildPhase section */

/* Begin PBXSourcesBuildPhase section */
		EEBF6FB11A954FF100C6D0D2 /* Sources */ = {
			isa = PBXSourcesBuildPhase;
			buildActionMask = 2147483647;
			files = (
				EEB24C212DEE373900EBD4FF /* AlertWrapper.swift in Sources */,
				EE4A00861AAB9CDC00925811 /* MusicPlayer.swift in Sources */,
				EECD56991A96400D00EAFC65 /* ParallaxNode.swift in Sources */,
				EEE472D21A9BDEF600EB6916 /* Pipes.swift in Sources */,
				EE4A008C1AABA26D00925811 /* SKAction+FlappySwift.swift in Sources */,
				EEE231841A9ABDA400F248BA /* SKPhysicsBody+FlappySwift.swift in Sources */,
				EEBF6FBF1A954FF100C6D0D2 /* GameScene.swift in Sources */,
				EE4A008E1AABA37F00925811 /* utilities.swift in Sources */,
				EEBF6FC11A954FF100C6D0D2 /* GameViewController.swift in Sources */,
				EEBF6FBB1A954FF100C6D0D2 /* AppDelegate.swift in Sources */,
				EE3E50831A9561D100CC5198 /* MenuViewController.swift in Sources */,
				EEB24C1F2DEE359700EBD4FF /* FSPressableButton.swift in Sources */,
				EECD56951A963F4000EAFC65 /* Startable.swift in Sources */,
				EEE472D41A9BE08500EB6916 /* PipesNode.swift in Sources */,
				EEE231821A9AB72100F248BA /* Bird.swift in Sources */,
				EEB782B91A9D448C00811E2B /* Score.swift in Sources */,
				EECD56931A963F4000EAFC65 /* Background.swift in Sources */,
			);
			runOnlyForDeploymentPostprocessing = 0;
		};
/* End PBXSourcesBuildPhase section */

/* Begin PBXVariantGroup section */
		EEBF6FC21A954FF100C6D0D2 /* Main.storyboard */ = {
			isa = PBXVariantGroup;
			children = (
				EEBF6FC31A954FF100C6D0D2 /* Base */,
			);
			name = Main.storyboard;
			sourceTree = "<group>";
		};
		EEBF6FC71A954FF100C6D0D2 /* LaunchScreen.xib */ = {
			isa = PBXVariantGroup;
			children = (
				EEBF6FC81A954FF100C6D0D2 /* Base */,
			);
			name = LaunchScreen.xib;
			sourceTree = "<group>";
		};
/* End PBXVariantGroup section */

/* Begin XCBuildConfiguration section */
		EEBF6FD61A954FF100C6D0D2 /* Debug */ = {
			isa = XCBuildConfiguration;
			buildSettings = {
				ALWAYS_SEARCH_USER_PATHS = NO;
				CLANG_CXX_LANGUAGE_STANDARD = "gnu++0x";
				CLANG_CXX_LIBRARY = "libc++";
				CLANG_ENABLE_MODULES = YES;
				CLANG_ENABLE_OBJC_ARC = YES;
				CLANG_WARN_BOOL_CONVERSION = YES;
				CLANG_WARN_CONSTANT_CONVERSION = YES;
				CLANG_WARN_DIRECT_OBJC_ISA_USAGE = YES_ERROR;
				CLANG_WARN_EMPTY_BODY = YES;
				CLANG_WARN_ENUM_CONVERSION = YES;
				CLANG_WARN_INT_CONVERSION = YES;
				CLANG_WARN_OBJC_ROOT_CLASS = YES_ERROR;
				CLANG_WARN_UNREACHABLE_CODE = YES;
				CLANG_WARN__DUPLICATE_METHOD_MATCH = YES;
				"CODE_SIGN_IDENTITY[sdk=iphoneos*]" = "iPhone Developer";
				COPY_PHASE_STRIP = NO;
				ENABLE_STRICT_OBJC_MSGSEND = YES;
				ENABLE_TESTABILITY = YES;
				GCC_C_LANGUAGE_STANDARD = gnu99;
				GCC_DYNAMIC_NO_PIC = NO;
				GCC_OPTIMIZATION_LEVEL = 0;
				GCC_PREPROCESSOR_DEFINITIONS = (
					"DEBUG=1",
					"$(inherited)",
				);
				GCC_SYMBOLS_PRIVATE_EXTERN = NO;
				GCC_WARN_64_TO_32_BIT_CONVERSION = YES;
				GCC_WARN_ABOUT_RETURN_TYPE = YES_ERROR;
				GCC_WARN_UNDECLARED_SELECTOR = YES;
				GCC_WARN_UNINITIALIZED_AUTOS = YES_AGGRESSIVE;
				GCC_WARN_UNUSED_FUNCTION = YES;
				GCC_WARN_UNUSED_VARIABLE = YES;
				IPHONEOS_DEPLOYMENT_TARGET = 15.0;
				MTL_ENABLE_DEBUG_INFO = YES;
				ONLY_ACTIVE_ARCH = YES;
				SDKROOT = iphoneos;
				SWIFT_OPTIMIZATION_LEVEL = "-Onone";
				SWIFT_VERSION = 5.9;
			};
			name = Debug;
		};
		EEBF6FD71A954FF100C6D0D2 /* Release */ = {
			isa = XCBuildConfiguration;
			buildSettings = {
				ALWAYS_SEARCH_USER_PATHS = NO;
				CLANG_CXX_LANGUAGE_STANDARD = "gnu++0x";
				CLANG_CXX_LIBRARY = "libc++";
				CLANG_ENABLE_MODULES = YES;
				CLANG_ENABLE_OBJC_ARC = YES;
				CLANG_WARN_BOOL_CONVERSION = YES;
				CLANG_WARN_CONSTANT_CONVERSION = YES;
				CLANG_WARN_DIRECT_OBJC_ISA_USAGE = YES_ERROR;
				CLANG_WARN_EMPTY_BODY = YES;
				CLANG_WARN_ENUM_CONVERSION = YES;
				CLANG_WARN_INT_CONVERSION = YES;
				CLANG_WARN_OBJC_ROOT_CLASS = YES_ERROR;
				CLANG_WARN_UNREACHABLE_CODE = YES;
				CLANG_WARN__DUPLICATE_METHOD_MATCH = YES;
				"CODE_SIGN_IDENTITY[sdk=iphoneos*]" = "iPhone Developer";
				COPY_PHASE_STRIP = YES;
				ENABLE_NS_ASSERTIONS = NO;
				ENABLE_STRICT_OBJC_MSGSEND = YES;
				GCC_C_LANGUAGE_STANDARD = gnu99;
				GCC_WARN_64_TO_32_BIT_CONVERSION = YES;
				GCC_WARN_ABOUT_RETURN_TYPE = YES_ERROR;
				GCC_WARN_UNDECLARED_SELECTOR = YES;
				GCC_WARN_UNINITIALIZED_AUTOS = YES_AGGRESSIVE;
				GCC_WARN_UNUSED_FUNCTION = YES;
				GCC_WARN_UNUSED_VARIABLE = YES;
				IPHONEOS_DEPLOYMENT_TARGET = 15.0;
				MTL_ENABLE_DEBUG_INFO = NO;
				SDKROOT = iphoneos;
				SWIFT_VERSION = 5.9;
				VALIDATE_PRODUCT = YES;
			};
			name = Release;
		};
		EEBF6FD91A954FF100C6D0D2 /* Debug */ = {
			isa = XCBuildConfiguration;
			baseConfigurationReference = DAC0BA07C9DE186B6D438729 /* Pods-FlappySwift.debug.xcconfig */;
			buildSettings = {
				ASSETCATALOG_COMPILER_APPICON_NAME = AppIcon;
				CODE_SIGN_IDENTITY = "iPhone Developer";
				"CODE_SIGN_IDENTITY[sdk=iphoneos*]" = "iPhone Developer";
				INFOPLIST_FILE = FlappySwift/Info.plist;
				IPHONEOS_DEPLOYMENT_TARGET = 15.0;
				LD_RUNPATH_SEARCH_PATHS = "$(inherited) @executable_path/Frameworks";
				PRODUCT_BUNDLE_IDENTIFIER = "uk.co.EffectiveCode.$(PRODUCT_NAME:rfc1034identifier)";
				PRODUCT_NAME = "$(TARGET_NAME)";
				PROVISIONING_PROFILE = "";
				SWIFT_VERSION = 5.9;
			};
			name = Debug;
		};
		EEBF6FDA1A954FF100C6D0D2 /* Release */ = {
			isa = XCBuildConfiguration;
			baseConfigurationReference = B145D6EA009A3B8408B766D6 /* Pods-FlappySwift.release.xcconfig */;
			buildSettings = {
				ASSETCATALOG_COMPILER_APPICON_NAME = AppIcon;
				CODE_SIGN_IDENTITY = "iPhone Developer";
				"CODE_SIGN_IDENTITY[sdk=iphoneos*]" = "iPhone Developer";
				INFOPLIST_FILE = FlappySwift/Info.plist;
				IPHONEOS_DEPLOYMENT_TARGET = 15.0;
				LD_RUNPATH_SEARCH_PATHS = "$(inherited) @executable_path/Frameworks";
				PRODUCT_BUNDLE_IDENTIFIER = "uk.co.EffectiveCode.$(PRODUCT_NAME:rfc1034identifier)";
				PRODUCT_NAME = "$(TARGET_NAME)";
				PROVISIONING_PROFILE = "";
				SWIFT_VERSION = 5.9;
			};
			name = Release;
		};
/* End XCBuildConfiguration section */

/* Begin XCConfigurationList section */
		EEBF6FB01A954FF100C6D0D2 /* Build configuration list for PBXProject "FlappySwift" */ = {
			isa = XCConfigurationList;
			buildConfigurations = (
				EEBF6FD61A954FF100C6D0D2 /* Debug */,
				EEBF6FD71A954FF100C6D0D2 /* Release */,
			);
			defaultConfigurationIsVisible = 0;
			defaultConfigurationName = Release;
		};
		EEBF6FD81A954FF100C6D0D2 /* Build configuration list for PBXNativeTarget "FlappySwift" */ = {
			isa = XCConfigurationList;
			buildConfigurations = (
				EEBF6FD91A954FF100C6D0D2 /* Debug */,
				EEBF6FDA1A954FF100C6D0D2 /* Release */,
			);
			defaultConfigurationIsVisible = 0;
			defaultConfigurationName = Release;
		};
/* End XCConfigurationList section */
	};
	rootObject = EEBF6FAD1A954FF100C6D0D2 /* Project object */;
}
